
Microsoft Visual Studio Solution File, Format Version 12.00
# Visual Studio Version 16
VisualStudioVersion = 16.0.29911.84
MinimumVisualStudioVersion = 10.0.40219.1
Project("{9A19103F-16F7-4668-BE54-9A1E7A4F7556}") = "BlazorAp", "BlazorAp\BlazorAp.csproj", "{59EE8B44-7013-4E77-A327-9EAA06861633}"
EndProject
Global
	GlobalSection(SolutionConfigurationPlatforms) = preSolution
		Debug|Any CPU = Debug|Any CPU
		Release|Any CPU = Release|Any CPU
	EndGlobalSection
	GlobalSection(ProjectConfigurationPlatforms) = postSolution
		{59EE8B44-7013-4E77-A327-9EAA06861633}.Debug|Any CPU.ActiveCfg = Debug|Any CPU
		{59EE8B44-7013-4E77-A327-9EAA06861633}.Debug|Any CPU.Build.0 = Debug|Any CPU
		{59EE8B44-7013-4E77-A327-9EAA06861633}.Release|Any CPU.ActiveCfg = Release|Any CPU
		{59EE8B44-7013-4E77-A327-9EAA06861633}.Release|Any CPU.Build.0 = Release|Any CPU
	EndGlobalSection
	GlobalSection(SolutionProperties) = preSolution
		HideSolutionNode = FALSE
	EndGlobalSection
	GlobalSection(ExtensibilityGlobals) = postSolution
		SolutionGuid = {A0155DDA-8B1A-4297-AC42-016344F0D2C2}
	EndGlobalSection
EndGlobal
